
Microsoft Visual Studio Solution File, Format Version 12.00
Project("{FAE04EC0-301F-11D3-BF4B-00C04F79EFBC}") = "Dfe.Edis.SourceAdapter.Sld.WebJobs", "Dfe.Edis.SourceAdapter.Sld.WebJobs\Dfe.Edis.SourceAdapter.Sld.WebJobs.csproj", "{11A090CE-A282-4F7C-9593-0AED8F9AFE13}"
EndProject
Project("{FAE04EC0-301F-11D3-BF4B-00C04F79EFBC}") = "Dfe.Edis.SourceAdapter.Sld.Domain", "Dfe.Edis.SourceAdapter.Sld.Domain\Dfe.Edis.SourceAdapter.Sld.Domain.csproj", "{4CC6E88D-561C-4B9C-B3FC-22034585B3C8}"
EndProject
Project("{FAE04EC0-301F-11D3-BF4B-00C04F79EFBC}") = "Dfe.Edis.SourceAdapter.Sld.Application", "Dfe.Edis.SourceAdapter.Sld.Application\Dfe.Edis.SourceAdapter.Sld.Application.csproj", "{094A98A4-FAE3-4F8F-BFB2-4928B3C19008}"
EndProject
Project("{2150E333-8FDC-42A3-9474-1A3956D46DE8}") = "Tests", "Tests", "{108D3C08-1AB2-4B47-8FA2-449BE91B1CD6}"
EndProject
Project("{FAE04EC0-301F-11D3-BF4B-00C04F79EFBC}") = "Dfe.Edis.SourceAdapter.Sld.WebJobs.UnitTests", "Dfe.Edis.SourceAdapter.Sld.WebJobs.UnitTests\Dfe.Edis.SourceAdapter.Sld.WebJobs.UnitTests.csproj", "{35967F82-AB03-4780-9E7A-54A41C1B28D0}"
EndProject
Global
	GlobalSection(SolutionConfigurationPlatforms) = preSolution
		Debug|Any CPU = Debug|Any CPU
		Release|Any CPU = Release|Any CPU
	EndGlobalSection
	GlobalSection(ProjectConfigurationPlatforms) = postSolution
		{11A090CE-A282-4F7C-9593-0AED8F9AFE13}.Debug|Any CPU.ActiveCfg = Debug|Any CPU
		{11A090CE-A282-4F7C-9593-0AED8F9AFE13}.Debug|Any CPU.Build.0 = Debug|Any CPU
		{11A090CE-A282-4F7C-9593-0AED8F9AFE13}.Release|Any CPU.ActiveCfg = Release|Any CPU
		{11A090CE-A282-4F7C-9593-0AED8F9AFE13}.Release|Any CPU.Build.0 = Release|Any CPU
		{4CC6E88D-561C-4B9C-B3FC-22034585B3C8}.Debug|Any CPU.ActiveCfg = Debug|Any CPU
		{4CC6E88D-561C-4B9C-B3FC-22034585B3C8}.Debug|Any CPU.Build.0 = Debug|Any CPU
		{4CC6E88D-561C-4B9C-B3FC-22034585B3C8}.Release|Any CPU.ActiveCfg = Release|Any CPU
		{4CC6E88D-561C-4B9C-B3FC-22034585B3C8}.Release|Any CPU.Build.0 = Release|Any CPU
		{094A98A4-FAE3-4F8F-BFB2-4928B3C19008}.Debug|Any CPU.ActiveCfg = Debug|Any CPU
		{094A98A4-FAE3-4F8F-BFB2-4928B3C19008}.Debug|Any CPU.Build.0 = Debug|Any CPU
		{094A98A4-FAE3-4F8F-BFB2-4928B3C19008}.Release|Any CPU.ActiveCfg = Release|Any CPU
		{094A98A4-FAE3-4F8F-BFB2-4928B3C19008}.Release|Any CPU.Build.0 = Release|Any CPU
		{35967F82-AB03-4780-9E7A-54A41C1B28D0}.Debug|Any CPU.ActiveCfg = Debug|Any CPU
		{35967F82-AB03-4780-9E7A-54A41C1B28D0}.Debug|Any CPU.Build.0 = Debug|Any CPU
		{35967F82-AB03-4780-9E7A-54A41C1B28D0}.Release|Any CPU.ActiveCfg = Release|Any CPU
		{35967F82-AB03-4780-9E7A-54A41C1B28D0}.Release|Any CPU.Build.0 = Release|Any CPU
	EndGlobalSection
	GlobalSection(NestedProjects) = preSolution
		{35967F82-AB03-4780-9E7A-54A41C1B28D0} = {108D3C08-1AB2-4B47-8FA2-449BE91B1CD6}
	EndGlobalSection
EndGlobal
